<Solution>
  <Project Path="Meta.XR.MultiplayerBlocks.Shared.csproj" />
  <Project Path="Meta.XR.BuildingBlocks.csproj" />
  <Project Path="Meta.XR.BuildingBlocks.Editor.csproj" />
  <Project Path="Oculus.VR.csproj" />
  <Project Path="Oculus.VR.Editor.csproj" />
  <Project Path="Oculus.VR.Scripts.Editor.csproj" />
  <Project Path="Assembly-CSharp.csproj" />
  <Project Path="Meta.XR.ImmersiveDebugger.csproj" />
  <Project Path="Oculus.Interaction.Editor.csproj" />
  <Project Path="Meta.XR.BuildingBlocks.AIBlocks.csproj" />
  <Project Path="Meta.XR.Editor.Tags.csproj" />
  <Project Path="Meta.XR.Editor.TelemetryUI.csproj" />
  <Project Path="Meta.XR.Editor.UserInterface.csproj" />
  <Project Path="Meta.XR.MultiplayerBlocks.Fusion.Editor.csproj" />
  <Project Path="Meta.XR.Editor.BuildingBlocks.AIBlocks.csproj" />
  <Project Path="Meta.XR.Editor.ToolingSupport.csproj" />
  <Project Path="Meta.XR.Editor.PlayCompanion.csproj" />
  <Project Path="Meta.XR.Editor.Reflection.csproj" />
  <Project Path="Meta.XR.BuildingBlocks.DepthAPI.Editor.csproj" />
  <Project Path="Meta.XR.ImmersiveDebugger.Editor.csproj" />
  <Project Path="Meta.XR.Editor.Notifications.csproj" />
  <Project Path="MetaXRSimulatorCore.Editor.csproj" />
  <Project Path="Meta.XR.MultiplayerBlocks.Shared.Editor.csproj" />
  <Project Path="Meta.XR.Editor.RemoteContent.csproj" />
  <Project Path="Meta.XR.MetaWand.Editor.csproj" />
  <Project Path="Meta.XR.Editor.Guide.About.csproj" />
  <Project Path="Meta.XR.MultiplayerBlocks.NGO.Editor.csproj" />
  <Project Path="Meta.XR.EnvironmentDepth.csproj" />
  <Project Path="Meta.XR.Editor.Settings.csproj" />
  <Project Path="Meta.XR.Editor.Id.csproj" />
  <Project Path="Meta.XR.BuildingBlocks.DepthAPI.csproj" />
  <Project Path="Meta.XR.EnvironmentDepth.Editor.csproj" />
  <Project Path="depthapi.csproj" />
  <Project Path="Meta.XR.Guides.Editor.csproj" />
  <Project Path="Assembly-CSharp-Editor.csproj" />
  <Project Path="Meta.XR.ImmersiveDebugger.Interface.csproj" />
  <Project Path="Meta.XR.Editor.UPST.Notifications.csproj" />
  <Project Path="Meta.XR.Editor.Callbacks.csproj" />
  <Project Path="Meta.XR.Editor.StatusMenu.csproj" />
  <Project Path="Meta.XR.Editor.EditorCoroutine.csproj" />
</Solution>
